# THIS IS AN AUTOGENERATED FILE. DO NOT EDIT THIS FILE DIRECTLY.
# yarn lockfile v1


"@remix-run/router@1.12.0":
  version "1.12.0"
  resolved "https://registry.yarnpkg.com/@remix-run/router/-/router-1.12.0.tgz#e89b64b6fa97a8a5b740a4c38c2904b80f1f229a"
  integrity sha512-2hXv036Bux90e1GXTWSMfNzfDDK8LA8JYEWfyHxzvwdp6GyoWEovKc9cotb3KCKmkdwsIBuFGX7ScTWyiHv7Eg==

react-router-dom@^6.19.0:
  version "6.19.0"
  resolved "https://registry.yarnpkg.com/react-router-dom/-/react-router-dom-6.19.0.tgz#ee807e36ae7dd954db7a3f770e38b7cc026c66a8"
  integrity sha512-N6dWlcgL2w0U5HZUUqU2wlmOrSb3ighJmtQ438SWbhB1yuLTXQ8yyTBMK3BSvVjp7gBtKurT554nCtMOgxCZmQ==
  dependencies:
    "@remix-run/router" "1.12.0"
    react-router "6.19.0"

react-router@6.19.0:
  version "6.19.0"
  resolved "https://registry.yarnpkg.com/react-router/-/react-router-6.19.0.tgz#6d5062fa33495859daca98d86292ab03b037a9ca"
  integrity sha512-0W63PKCZ7+OuQd7Tm+RbkI8kCLmn4GPjDbX61tWljPxWgqTKlEpeQUwPkT1DRjYhF8KSihK0hQpmhU4uxVMcdw==
  dependencies:
    "@remix-run/router" "1.12.0"
